
Microsoft Visual Studio Solution File, Format Version 12.00
# Visual Studio Version 16
VisualStudioVersion = 16.0.30717.126
MinimumVisualStudioVersion = 10.0.40219.1
Project("{FAE04EC0-301F-11D3-BF4B-00C04F79EFBC}") = "ADO.NET Disconnected klase", "ADO.NET Disconnected klase\ADO.NET Disconnected klase.csproj", "{BCB01152-EA99-4CFA-846F-998CE64FFCFC}"
EndProject
Global
	GlobalSection(SolutionConfigurationPlatforms) = preSolution
		Debug|Any CPU = Debug|Any CPU
		Release|Any CPU = Release|Any CPU
	EndGlobalSection
	GlobalSection(ProjectConfigurationPlatforms) = postSolution
		{BCB01152-EA99-4CFA-846F-998CE64FFCFC}.Debug|Any CPU.ActiveCfg = Debug|Any CPU
		{BCB01152-EA99-4CFA-846F-998CE64FFCFC}.Debug|Any CPU.Build.0 = Debug|Any CPU
		{BCB01152-EA99-4CFA-846F-998CE64FFCFC}.Release|Any CPU.ActiveCfg = Release|Any CPU
		{BCB01152-EA99-4CFA-846F-998CE64FFCFC}.Release|Any CPU.Build.0 = Release|Any CPU
	EndGlobalSection
	GlobalSection(SolutionProperties) = preSolution
		HideSolutionNode = FALSE
	EndGlobalSection
	GlobalSection(ExtensibilityGlobals) = postSolution
		SolutionGuid = {4B13DD36-3385-4D8C-807B-56207F7293F9}
	EndGlobalSection
EndGlobal
